Microsoft Visual Studio Solution File, Format Version 12.00
# Visual Studio Version 17
VisualStudioVersion = 17.5.2.0
MinimumVisualStudioVersion = 10.0.40219.1
Project("{FAE04EC0-301F-11D3-BF4B-00C04F79EFBC}") = "prakt4-5alg", "prakt4-5alg.csproj", "{2BD54DEF-0EAA-6146-23C2-FAB960DB738E}"
EndProject
Global
	GlobalSection(SolutionConfigurationPlatforms) = preSolution
		Debug|Any CPU = Debug|Any CPU
		Release|Any CPU = Release|Any CPU
	EndGlobalSection
	GlobalSection(ProjectConfigurationPlatforms) = postSolution
		{2BD54DEF-0EAA-6146-23C2-FAB960DB738E}.Debug|Any CPU.ActiveCfg = Debug|Any CPU
		{2BD54DEF-0EAA-6146-23C2-FAB960DB738E}.Debug|Any CPU.Build.0 = Debug|Any CPU
		{2BD54DEF-0EAA-6146-23C2-FAB960DB738E}.Release|Any CPU.ActiveCfg = Release|Any CPU
		{2BD54DEF-0EAA-6146-23C2-FAB960DB738E}.Release|Any CPU.Build.0 = Release|Any CPU
	EndGlobalSection
	GlobalSection(SolutionProperties) = preSolution
		HideSolutionNode = FALSE
	EndGlobalSection
	GlobalSection(ExtensibilityGlobals) = postSolution
		SolutionGuid = {DBC86028-9408-43B4-839C-81098A88AB4D}
	EndGlobalSection
EndGlobal
